
Microsoft Visual Studio Solution File, Format Version 12.00
# Visual Studio Version 17
VisualStudioVersion = 17.4.33122.133
MinimumVisualStudioVersion = 10.0.40219.1
Project("{9A19103F-16F7-4668-BE54-9A1E7A4F7556}") = "ChemDec.Api", "ChemDec.Api\ChemDec.Api.csproj", "{25D7D825-209E-492B-99CD-7C8AAAD216B5}"
EndProject
Project("{2150E333-8FDC-42A3-9474-1A3956D46DE8}") = "Refactor", "Refactor", "{A658C739-E540-4DB9-9F3E-25510D931720}"
EndProject
Project("{9A19103F-16F7-4668-BE54-9A1E7A4F7556}") = "Application", "Application\Application.csproj", "{50B2A897-2497-4803-8A9A-8420A2375057}"
EndProject
Project("{9A19103F-16F7-4668-BE54-9A1E7A4F7556}") = "Domain", "Domain\Domain.csproj", "{E00C984E-3719-4383-821E-2587C10E9737}"
EndProject
Project("{9A19103F-16F7-4668-BE54-9A1E7A4F7556}") = "Infrastructure", "Infrastructure\Infrastructure.csproj", "{635899FC-664F-4CA6-A2B2-4551E5A2BCB5}"
EndProject
Project("{9A19103F-16F7-4668-BE54-9A1E7A4F7556}") = "IntegrationTests", "IntegrationTests\IntegrationTests.csproj", "{59F24935-AEA5-409A-A9E4-41526CBD4556}"
EndProject
Project("{9A19103F-16F7-4668-BE54-9A1E7A4F7556}") = "UnitTests", "UnitTests\UnitTests.csproj", "{7BFF648F-7D96-47B1-B73C-B6E707B98BD1}"
EndProject
Project("{9A19103F-16F7-4668-BE54-9A1E7A4F7556}") = "Contracts", "Contracts\Contracts.csproj", "{B756589F-AB50-4F3A-8C89-6CC18B34242F}"
EndProject
Global
	GlobalSection(SolutionConfigurationPlatforms) = preSolution
		Debug|Any CPU = Debug|Any CPU
		Release|Any CPU = Release|Any CPU
	EndGlobalSection
	GlobalSection(ProjectConfigurationPlatforms) = postSolution
		{25D7D825-209E-492B-99CD-7C8AAAD216B5}.Debug|Any CPU.ActiveCfg = Debug|Any CPU
		{25D7D825-209E-492B-99CD-7C8AAAD216B5}.Debug|Any CPU.Build.0 = Debug|Any CPU
		{25D7D825-209E-492B-99CD-7C8AAAD216B5}.Release|Any CPU.ActiveCfg = Release|Any CPU
		{25D7D825-209E-492B-99CD-7C8AAAD216B5}.Release|Any CPU.Build.0 = Release|Any CPU
		{50B2A897-2497-4803-8A9A-8420A2375057}.Debug|Any CPU.ActiveCfg = Debug|Any CPU
		{50B2A897-2497-4803-8A9A-8420A2375057}.Debug|Any CPU.Build.0 = Debug|Any CPU
		{50B2A897-2497-4803-8A9A-8420A2375057}.Release|Any CPU.ActiveCfg = Release|Any CPU
		{50B2A897-2497-4803-8A9A-8420A2375057}.Release|Any CPU.Build.0 = Release|Any CPU
		{E00C984E-3719-4383-821E-2587C10E9737}.Debug|Any CPU.ActiveCfg = Debug|Any CPU
		{E00C984E-3719-4383-821E-2587C10E9737}.Debug|Any CPU.Build.0 = Debug|Any CPU
		{E00C984E-3719-4383-821E-2587C10E9737}.Release|Any CPU.ActiveCfg = Release|Any CPU
		{E00C984E-3719-4383-821E-2587C10E9737}.Release|Any CPU.Build.0 = Release|Any CPU
		{635899FC-664F-4CA6-A2B2-4551E5A2BCB5}.Debug|Any CPU.ActiveCfg = Debug|Any CPU
		{635899FC-664F-4CA6-A2B2-4551E5A2BCB5}.Debug|Any CPU.Build.0 = Debug|Any CPU
		{635899FC-664F-4CA6-A2B2-4551E5A2BCB5}.Release|Any CPU.ActiveCfg = Release|Any CPU
		{635899FC-664F-4CA6-A2B2-4551E5A2BCB5}.Release|Any CPU.Build.0 = Release|Any CPU
		{59F24935-AEA5-409A-A9E4-41526CBD4556}.Debug|Any CPU.ActiveCfg = Debug|Any CPU
		{59F24935-AEA5-409A-A9E4-41526CBD4556}.Debug|Any CPU.Build.0 = Debug|Any CPU
		{59F24935-AEA5-409A-A9E4-41526CBD4556}.Release|Any CPU.ActiveCfg = Release|Any CPU
		{59F24935-AEA5-409A-A9E4-41526CBD4556}.Release|Any CPU.Build.0 = Release|Any CPU
		{7BFF648F-7D96-47B1-B73C-B6E707B98BD1}.Debug|Any CPU.ActiveCfg = Debug|Any CPU
		{7BFF648F-7D96-47B1-B73C-B6E707B98BD1}.Debug|Any CPU.Build.0 = Debug|Any CPU
		{7BFF648F-7D96-47B1-B73C-B6E707B98BD1}.Release|Any CPU.ActiveCfg = Release|Any CPU
		{7BFF648F-7D96-47B1-B73C-B6E707B98BD1}.Release|Any CPU.Build.0 = Release|Any CPU
		{B756589F-AB50-4F3A-8C89-6CC18B34242F}.Debug|Any CPU.ActiveCfg = Debug|Any CPU
		{B756589F-AB50-4F3A-8C89-6CC18B34242F}.Debug|Any CPU.Build.0 = Debug|Any CPU
		{B756589F-AB50-4F3A-8C89-6CC18B34242F}.Release|Any CPU.ActiveCfg = Release|Any CPU
		{B756589F-AB50-4F3A-8C89-6CC18B34242F}.Release|Any CPU.Build.0 = Release|Any CPU
	EndGlobalSection
	GlobalSection(SolutionProperties) = preSolution
		HideSolutionNode = FALSE
	EndGlobalSection
	GlobalSection(NestedProjects) = preSolution
		{50B2A897-2497-4803-8A9A-8420A2375057} = {A658C739-E540-4DB9-9F3E-25510D931720}
		{E00C984E-3719-4383-821E-2587C10E9737} = {A658C739-E540-4DB9-9F3E-25510D931720}
		{635899FC-664F-4CA6-A2B2-4551E5A2BCB5} = {A658C739-E540-4DB9-9F3E-25510D931720}
		{59F24935-AEA5-409A-A9E4-41526CBD4556} = {A658C739-E540-4DB9-9F3E-25510D931720}
		{7BFF648F-7D96-47B1-B73C-B6E707B98BD1} = {A658C739-E540-4DB9-9F3E-25510D931720}
		{B756589F-AB50-4F3A-8C89-6CC18B34242F} = {A658C739-E540-4DB9-9F3E-25510D931720}
	EndGlobalSection
	GlobalSection(ExtensibilityGlobals) = postSolution
		SolutionGuid = {D2DB554F-9447-4F0E-9ECE-B426C5AFEE01}
	EndGlobalSection
EndGlobal
